
Microsoft Visual Studio Solution File, Format Version 12.00
# Visual Studio Version 16
VisualStudioVersion = 16.0.32802.440
MinimumVisualStudioVersion = 10.0.40219.1
Project("{FAE04EC0-301F-11D3-BF4B-00C04F79EFBC}") = "TitanHelp", "TitanHelp\TitanHelp.csproj", "{F9E02030-BE8D-4283-8794-DDFAFE08D1C0}"
EndProject
Global
	GlobalSection(SolutionConfigurationPlatforms) = preSolution
		Debug|Any CPU = Debug|Any CPU
		Release|Any CPU = Release|Any CPU
	EndGlobalSection
	GlobalSection(ProjectConfigurationPlatforms) = postSolution
		{F9E02030-BE8D-4283-8794-DDFAFE08D1C0}.Debug|Any CPU.ActiveCfg = Debug|Any CPU
		{F9E02030-BE8D-4283-8794-DDFAFE08D1C0}.Debug|Any CPU.Build.0 = Debug|Any CPU
		{F9E02030-BE8D-4283-8794-DDFAFE08D1C0}.Release|Any CPU.ActiveCfg = Release|Any CPU
		{F9E02030-BE8D-4283-8794-DDFAFE08D1C0}.Release|Any CPU.Build.0 = Release|Any CPU
	EndGlobalSection
	GlobalSection(SolutionProperties) = preSolution
		HideSolutionNode = FALSE
	EndGlobalSection
	GlobalSection(ExtensibilityGlobals) = postSolution
		SolutionGuid = {D63C8D1F-9CEE-478E-85C7-FA72AE3DB326}
	EndGlobalSection
EndGlobal
